
Microsoft Visual Studio Solution File, Format Version 12.00
# Visual Studio Version 17
VisualStudioVersion = 17.0.31903.59
MinimumVisualStudioVersion = 10.0.40219.1
Project("{FAE04EC0-301F-11D3-BF4B-00C04F79EFBC}") = "Eia.Api", "Eia.Api\Eia.Api.csproj", "{E494F29F-4DE2-4755-95A5-629E5E419316}"
EndProject
Project("{FAE04EC0-301F-11D3-BF4B-00C04F79EFBC}") = "Eia.Connector", "Eia.Connector\Eia.Connector.csproj", "{36E2FCFD-4B49-47AD-9436-90A1FB7A6BE2}"
EndProject
Project("{FAE04EC0-301F-11D3-BF4B-00C04F79EFBC}") = "Eia.Data", "Eia.Data\Eia.Data.csproj", "{55117952-CB87-456F-BE60-4553AA9F70AB}"
EndProject
Project("{FAE04EC0-301F-11D3-BF4B-00C04F79EFBC}") = "Eia.Tests", "Eia.Tests\Eia.Tests.csproj", "{59E1931A-6952-4230-901F-F642D3425809}"
EndProject
Global
	GlobalSection(SolutionConfigurationPlatforms) = preSolution
		Debug|Any CPU = Debug|Any CPU
		Debug|x64 = Debug|x64
		Debug|x86 = Debug|x86
		Release|Any CPU = Release|Any CPU
		Release|x64 = Release|x64
		Release|x86 = Release|x86
	EndGlobalSection
	GlobalSection(ProjectConfigurationPlatforms) = postSolution
		{E494F29F-4DE2-4755-95A5-629E5E419316}.Debug|Any CPU.ActiveCfg = Debug|Any CPU
		{E494F29F-4DE2-4755-95A5-629E5E419316}.Debug|Any CPU.Build.0 = Debug|Any CPU
		{E494F29F-4DE2-4755-95A5-629E5E419316}.Debug|x64.ActiveCfg = Debug|Any CPU
		{E494F29F-4DE2-4755-95A5-629E5E419316}.Debug|x64.Build.0 = Debug|Any CPU
		{E494F29F-4DE2-4755-95A5-629E5E419316}.Debug|x86.ActiveCfg = Debug|Any CPU
		{E494F29F-4DE2-4755-95A5-629E5E419316}.Debug|x86.Build.0 = Debug|Any CPU
		{E494F29F-4DE2-4755-95A5-629E5E419316}.Release|Any CPU.ActiveCfg = Release|Any CPU
		{E494F29F-4DE2-4755-95A5-629E5E419316}.Release|Any CPU.Build.0 = Release|Any CPU
		{E494F29F-4DE2-4755-95A5-629E5E419316}.Release|x64.ActiveCfg = Release|Any CPU
		{E494F29F-4DE2-4755-95A5-629E5E419316}.Release|x64.Build.0 = Release|Any CPU
		{E494F29F-4DE2-4755-95A5-629E5E419316}.Release|x86.ActiveCfg = Release|Any CPU
		{E494F29F-4DE2-4755-95A5-629E5E419316}.Release|x86.Build.0 = Release|Any CPU
		{36E2FCFD-4B49-47AD-9436-90A1FB7A6BE2}.Debug|Any CPU.ActiveCfg = Debug|Any CPU
		{36E2FCFD-4B49-47AD-9436-90A1FB7A6BE2}.Debug|Any CPU.Build.0 = Debug|Any CPU
		{36E2FCFD-4B49-47AD-9436-90A1FB7A6BE2}.Debug|x64.ActiveCfg = Debug|Any CPU
		{36E2FCFD-4B49-47AD-9436-90A1FB7A6BE2}.Debug|x64.Build.0 = Debug|Any CPU
		{36E2FCFD-4B49-47AD-9436-90A1FB7A6BE2}.Debug|x86.ActiveCfg = Debug|Any CPU
		{36E2FCFD-4B49-47AD-9436-90A1FB7A6BE2}.Debug|x86.Build.0 = Debug|Any CPU
		{36E2FCFD-4B49-47AD-9436-90A1FB7A6BE2}.Release|Any CPU.ActiveCfg = Release|Any CPU
		{36E2FCFD-4B49-47AD-9436-90A1FB7A6BE2}.Release|Any CPU.Build.0 = Release|Any CPU
		{36E2FCFD-4B49-47AD-9436-90A1FB7A6BE2}.Release|x64.ActiveCfg = Release|Any CPU
		{36E2FCFD-4B49-47AD-9436-90A1FB7A6BE2}.Release|x64.Build.0 = Release|Any CPU
		{36E2FCFD-4B49-47AD-9436-90A1FB7A6BE2}.Release|x86.ActiveCfg = Release|Any CPU
		{36E2FCFD-4B49-47AD-9436-90A1FB7A6BE2}.Release|x86.Build.0 = Release|Any CPU
		{55117952-CB87-456F-BE60-4553AA9F70AB}.Debug|Any CPU.ActiveCfg = Debug|Any CPU
		{55117952-CB87-456F-BE60-4553AA9F70AB}.Debug|Any CPU.Build.0 = Debug|Any CPU
		{55117952-CB87-456F-BE60-4553AA9F70AB}.Debug|x64.ActiveCfg = Debug|Any CPU
		{55117952-CB87-456F-BE60-4553AA9F70AB}.Debug|x64.Build.0 = Debug|Any CPU
		{55117952-CB87-456F-BE60-4553AA9F70AB}.Debug|x86.ActiveCfg = Debug|Any CPU
		{55117952-CB87-456F-BE60-4553AA9F70AB}.Debug|x86.Build.0 = Debug|Any CPU
		{55117952-CB87-456F-BE60-4553AA9F70AB}.Release|Any CPU.ActiveCfg = Release|Any CPU
		{55117952-CB87-456F-BE60-4553AA9F70AB}.Release|Any CPU.Build.0 = Release|Any CPU
		{55117952-CB87-456F-BE60-4553AA9F70AB}.Release|x64.ActiveCfg = Release|Any CPU
		{55117952-CB87-456F-BE60-4553AA9F70AB}.Release|x64.Build.0 = Release|Any CPU
		{55117952-CB87-456F-BE60-4553AA9F70AB}.Release|x86.ActiveCfg = Release|Any CPU
		{55117952-CB87-456F-BE60-4553AA9F70AB}.Release|x86.Build.0 = Release|Any CPU
		{59E1931A-6952-4230-901F-F642D3425809}.Debug|Any CPU.ActiveCfg = Debug|Any CPU
		{59E1931A-6952-4230-901F-F642D3425809}.Debug|Any CPU.Build.0 = Debug|Any CPU
		{59E1931A-6952-4230-901F-F642D3425809}.Debug|x64.ActiveCfg = Debug|Any CPU
		{59E1931A-6952-4230-901F-F642D3425809}.Debug|x64.Build.0 = Debug|Any CPU
		{59E1931A-6952-4230-901F-F642D3425809}.Debug|x86.ActiveCfg = Debug|Any CPU
		{59E1931A-6952-4230-901F-F642D3425809}.Debug|x86.Build.0 = Debug|Any CPU
		{59E1931A-6952-4230-901F-F642D3425809}.Release|Any CPU.ActiveCfg = Release|Any CPU
		{59E1931A-6952-4230-901F-F642D3425809}.Release|Any CPU.Build.0 = Release|Any CPU
		{59E1931A-6952-4230-901F-F642D3425809}.Release|x64.ActiveCfg = Release|Any CPU
		{59E1931A-6952-4230-901F-F642D3425809}.Release|x64.Build.0 = Release|Any CPU
		{59E1931A-6952-4230-901F-F642D3425809}.Release|x86.ActiveCfg = Release|Any CPU
		{59E1931A-6952-4230-901F-F642D3425809}.Release|x86.Build.0 = Release|Any CPU
	EndGlobalSection
	GlobalSection(SolutionProperties) = preSolution
		HideSolutionNode = FALSE
	EndGlobalSection
EndGlobal
